
Microsoft Visual Studio Solution File, Format Version 12.00
# Visual Studio 14
VisualStudioVersion = 14.0.25420.1
MinimumVisualStudioVersion = 10.0.40219.1
Project("{FAE04EC0-301F-11D3-BF4B-00C04F79EFBC}") = "PremiereApplication", "PremiereApplication\PremiereApplication.csproj", "{4181114E-4FB0-4B93-845D-1326DFC7CBEE}"
EndProject
Project("{FAE04EC0-301F-11D3-BF4B-00C04F79EFBC}") = "SecondeApplication", "SecondeApplication\SecondeApplication.csproj", "{F5251C16-C46D-4A7A-9F9B-0B35A0DEA90B}"
EndProject
Global
	GlobalSection(SolutionConfigurationPlatforms) = preSolution
		Debug|Any CPU = Debug|Any CPU
		Release|Any CPU = Release|Any CPU
	EndGlobalSection
	GlobalSection(ProjectConfigurationPlatforms) = postSolution
		{4181114E-4FB0-4B93-845D-1326DFC7CBEE}.Debug|Any CPU.ActiveCfg = Debug|Any CPU
		{4181114E-4FB0-4B93-845D-1326DFC7CBEE}.Debug|Any CPU.Build.0 = Debug|Any CPU
		{4181114E-4FB0-4B93-845D-1326DFC7CBEE}.Release|Any CPU.ActiveCfg = Release|Any CPU
		{4181114E-4FB0-4B93-845D-1326DFC7CBEE}.Release|Any CPU.Build.0 = Release|Any CPU
		{F5251C16-C46D-4A7A-9F9B-0B35A0DEA90B}.Debug|Any CPU.ActiveCfg = Debug|Any CPU
		{F5251C16-C46D-4A7A-9F9B-0B35A0DEA90B}.Debug|Any CPU.Build.0 = Debug|Any CPU
		{F5251C16-C46D-4A7A-9F9B-0B35A0DEA90B}.Release|Any CPU.ActiveCfg = Release|Any CPU
		{F5251C16-C46D-4A7A-9F9B-0B35A0DEA90B}.Release|Any CPU.Build.0 = Release|Any CPU
	EndGlobalSection
	GlobalSection(SolutionProperties) = preSolution
		HideSolutionNode = FALSE
	EndGlobalSection
EndGlobal
