
Microsoft Visual Studio Solution File, Format Version 12.00
# Visual Studio 14
VisualStudioVersion = 14.0.25420.1
MinimumVisualStudioVersion = 10.0.40219.1
Project("{FAE04EC0-301F-11D3-BF4B-00C04F79EFBC}") = "PremiereApplication", "PremiereApplication\PremiereApplication.csproj", "{4181114E-4FB0-4B93-845D-1326DFC7CBEE}"
EndProject
Project("{FAE04EC0-301F-11D3-BF4B-00C04F79EFBC}") = "SecondeApplication", "SecondeApplication\SecondeApplication.csproj", "{F5251C16-C46D-4A7A-9F9B-0B35A0DEA90B}"
EndProject
Project("{FAE04EC0-301F-11D3-BF4B-00C04F79EFBC}") = "TroisiemeApplication", "TroisiemeApplication\TroisiemeApplication.csproj", "{0ECC16E0-ABBC-48A6-8984-FA70615D8ED9}"
EndProject
Project("{FAE04EC0-301F-11D3-BF4B-00C04F79EFBC}") = "QuatriemeApplication", "QuatriemeApplication\QuatriemeApplication.csproj", "{DA4C456C-88BE-452D-935B-0EF6D61C5B75}"
EndProject
Project("{2150E333-8FDC-42A3-9474-1A3956D46DE8}") = "NHibernate", "NHibernate", "{CA8835BB-AADA-416F-A119-F2340B428588}"
EndProject
Project("{FAE04EC0-301F-11D3-BF4B-00C04F79EFBC}") = "GestContact.Entities", "GestContact.Entities\GestContact.Entities.csproj", "{929413A2-66AC-496F-8FAE-5DD48F94201A}"
EndProject
Project("{FAE04EC0-301F-11D3-BF4B-00C04F79EFBC}") = "GestContact.DAL.Fluent", "GestContact.DAL.Fluent\GestContact.DAL.Fluent.csproj", "{99F6D3F2-77EA-4C5F-9C04-F9B05CFEA9DF}"
EndProject
Project("{FAE04EC0-301F-11D3-BF4B-00C04F79EFBC}") = "GestContact.ConsoleApp", "GestContact.ConsoleApp\GestContact.ConsoleApp.csproj", "{3C9AA5D3-F324-4FF0-BB24-2F26EB83C8EE}"
EndProject
Project("{2150E333-8FDC-42A3-9474-1A3956D46DE8}") = "Bases de la POO", "Bases de la POO", "{DD146D59-897B-473E-8312-1324610E74D6}"
EndProject
Project("{2150E333-8FDC-42A3-9474-1A3956D46DE8}") = "DesignPattern", "DesignPattern", "{C832DD43-4719-4019-A9D4-A236BAB80B67}"
EndProject
Project("{FAE04EC0-301F-11D3-BF4B-00C04F79EFBC}") = "DesignPattern", "DesignPattern\DesignPattern.csproj", "{BFF7A0E8-F1EC-4754-8620-671A7AF482D3}"
EndProject
Global
	GlobalSection(SolutionConfigurationPlatforms) = preSolution
		Debug|Any CPU = Debug|Any CPU
		Release|Any CPU = Release|Any CPU
	EndGlobalSection
	GlobalSection(ProjectConfigurationPlatforms) = postSolution
		{4181114E-4FB0-4B93-845D-1326DFC7CBEE}.Debug|Any CPU.ActiveCfg = Debug|Any CPU
		{4181114E-4FB0-4B93-845D-1326DFC7CBEE}.Debug|Any CPU.Build.0 = Debug|Any CPU
		{4181114E-4FB0-4B93-845D-1326DFC7CBEE}.Release|Any CPU.ActiveCfg = Release|Any CPU
		{4181114E-4FB0-4B93-845D-1326DFC7CBEE}.Release|Any CPU.Build.0 = Release|Any CPU
		{F5251C16-C46D-4A7A-9F9B-0B35A0DEA90B}.Debug|Any CPU.ActiveCfg = Debug|Any CPU
		{F5251C16-C46D-4A7A-9F9B-0B35A0DEA90B}.Debug|Any CPU.Build.0 = Debug|Any CPU
		{F5251C16-C46D-4A7A-9F9B-0B35A0DEA90B}.Release|Any CPU.ActiveCfg = Release|Any CPU
		{F5251C16-C46D-4A7A-9F9B-0B35A0DEA90B}.Release|Any CPU.Build.0 = Release|Any CPU
		{0ECC16E0-ABBC-48A6-8984-FA70615D8ED9}.Debug|Any CPU.ActiveCfg = Debug|Any CPU
		{0ECC16E0-ABBC-48A6-8984-FA70615D8ED9}.Debug|Any CPU.Build.0 = Debug|Any CPU
		{0ECC16E0-ABBC-48A6-8984-FA70615D8ED9}.Release|Any CPU.ActiveCfg = Release|Any CPU
		{0ECC16E0-ABBC-48A6-8984-FA70615D8ED9}.Release|Any CPU.Build.0 = Release|Any CPU
		{DA4C456C-88BE-452D-935B-0EF6D61C5B75}.Debug|Any CPU.ActiveCfg = Debug|Any CPU
		{DA4C456C-88BE-452D-935B-0EF6D61C5B75}.Debug|Any CPU.Build.0 = Debug|Any CPU
		{DA4C456C-88BE-452D-935B-0EF6D61C5B75}.Release|Any CPU.ActiveCfg = Release|Any CPU
		{DA4C456C-88BE-452D-935B-0EF6D61C5B75}.Release|Any CPU.Build.0 = Release|Any CPU
		{929413A2-66AC-496F-8FAE-5DD48F94201A}.Debug|Any CPU.ActiveCfg = Debug|Any CPU
		{929413A2-66AC-496F-8FAE-5DD48F94201A}.Debug|Any CPU.Build.0 = Debug|Any CPU
		{929413A2-66AC-496F-8FAE-5DD48F94201A}.Release|Any CPU.ActiveCfg = Release|Any CPU
		{929413A2-66AC-496F-8FAE-5DD48F94201A}.Release|Any CPU.Build.0 = Release|Any CPU
		{99F6D3F2-77EA-4C5F-9C04-F9B05CFEA9DF}.Debug|Any CPU.ActiveCfg = Debug|Any CPU
		{99F6D3F2-77EA-4C5F-9C04-F9B05CFEA9DF}.Debug|Any CPU.Build.0 = Debug|Any CPU
		{99F6D3F2-77EA-4C5F-9C04-F9B05CFEA9DF}.Release|Any CPU.ActiveCfg = Release|Any CPU
		{99F6D3F2-77EA-4C5F-9C04-F9B05CFEA9DF}.Release|Any CPU.Build.0 = Release|Any CPU
		{3C9AA5D3-F324-4FF0-BB24-2F26EB83C8EE}.Debug|Any CPU.ActiveCfg = Debug|Any CPU
		{3C9AA5D3-F324-4FF0-BB24-2F26EB83C8EE}.Debug|Any CPU.Build.0 = Debug|Any CPU
		{3C9AA5D3-F324-4FF0-BB24-2F26EB83C8EE}.Release|Any CPU.ActiveCfg = Release|Any CPU
		{3C9AA5D3-F324-4FF0-BB24-2F26EB83C8EE}.Release|Any CPU.Build.0 = Release|Any CPU
		{BFF7A0E8-F1EC-4754-8620-671A7AF482D3}.Debug|Any CPU.ActiveCfg = Debug|Any CPU
		{BFF7A0E8-F1EC-4754-8620-671A7AF482D3}.Debug|Any CPU.Build.0 = Debug|Any CPU
		{BFF7A0E8-F1EC-4754-8620-671A7AF482D3}.Release|Any CPU.ActiveCfg = Release|Any CPU
		{BFF7A0E8-F1EC-4754-8620-671A7AF482D3}.Release|Any CPU.Build.0 = Release|Any CPU
	EndGlobalSection
	GlobalSection(SolutionProperties) = preSolution
		HideSolutionNode = FALSE
	EndGlobalSection
	GlobalSection(NestedProjects) = preSolution
		{4181114E-4FB0-4B93-845D-1326DFC7CBEE} = {DD146D59-897B-473E-8312-1324610E74D6}
		{F5251C16-C46D-4A7A-9F9B-0B35A0DEA90B} = {DD146D59-897B-473E-8312-1324610E74D6}
		{0ECC16E0-ABBC-48A6-8984-FA70615D8ED9} = {DD146D59-897B-473E-8312-1324610E74D6}
		{DA4C456C-88BE-452D-935B-0EF6D61C5B75} = {DD146D59-897B-473E-8312-1324610E74D6}
		{929413A2-66AC-496F-8FAE-5DD48F94201A} = {CA8835BB-AADA-416F-A119-F2340B428588}
		{99F6D3F2-77EA-4C5F-9C04-F9B05CFEA9DF} = {CA8835BB-AADA-416F-A119-F2340B428588}
		{3C9AA5D3-F324-4FF0-BB24-2F26EB83C8EE} = {CA8835BB-AADA-416F-A119-F2340B428588}
		{BFF7A0E8-F1EC-4754-8620-671A7AF482D3} = {C832DD43-4719-4019-A9D4-A236BAB80B67}
	EndGlobalSection
EndGlobal
